{
  "version": 4,
  "terraform_version": "1.9.7",
  "serial": 6,
  "lineage": "9ba40944-8b9a-db31-8220-08af386c0b0b",
  "outputs": {},
  "resources": [
    {
      "mode": "data",
      "type": "archive_file",
      "name": "code",
      "provider": "provider[\"registry.terraform.io/hashicorp/archive\"]",
      "instances": [
        {
          "schema_version": 0,
          "attributes": {
            "exclude_symlink_directories": null,
            "excludes": null,
            "id": "fccb1fc72ce8a92701fa7a14e21cf8f3f2cd2cac",
            "output_base64sha256": "VClcg2HSbgoqjAB/YVXgsvAmw5NLIcWxUor8Gp2pyhQ=",
            "output_base64sha512": "Wywj0udfScsRgoH1RJbhUXejnt8tvVcfk2ahoDa+6sZO/VgPFHK5VyHy5mrzOguIipy2jUtMZzNQx3a480UUBg==",
            "output_file_mode": null,
            "output_md5": "b8a951328488f3e603aa71c516197b56",
            "output_path": "./code.zip",
            "output_sha": "fccb1fc72ce8a92701fa7a14e21cf8f3f2cd2cac",
            "output_sha256": "54295c8361d26e0a2a8c007f6155e0b2f026c3934b21c5b1528afc1a9da9ca14",
            "output_sha512": "5b2c23d2e75f49cb118281f54496e15177a39edf2dbd571f9366a1a036beeac64efd580f1472b95721f2e66af33a0b888a9cb68d4b4c673350c776b8f3451406",
            "output_size": 294,
            "source": [],
            "source_content": null,
            "source_content_filename": null,
            "source_dir": "./code",
            "source_file": null,
            "type": "zip"
          },
          "sensitive_attributes": []
        }
      ]
    },
    {
      "mode": "data",
      "type": "archive_file",
      "name": "layer",
      "provider": "provider[\"registry.terraform.io/hashicorp/archive\"]",
      "instances": []
    },
    {
      "mode": "managed",
      "type": "aws_iam_role",
      "name": "iam_role",
      "provider": "provider[\"registry.terraform.io/hashicorp/aws\"]",
      "instances": [
        {
          "schema_version": 0,
          "attributes": {
            "arn": "arn:aws:iam::151873756016:role/lambda-iam-role",
            "assume_role_policy": "{\"Statement\":[{\"Action\":\"sts:AssumeRole\",\"Effect\":\"Allow\",\"Principal\":{\"Service\":\"lambda.amazonaws.com\"},\"Sid\":\"\"}],\"Version\":\"2012-10-17\"}",
            "create_date": "2024-10-15T08:32:08Z",
            "description": "",
            "force_detach_policies": false,
            "id": "lambda-iam-role",
            "inline_policy": [],
            "managed_policy_arns": [],
            "max_session_duration": 3600,
            "name": "lambda-iam-role",
            "name_prefix": "",
            "path": "/",
            "permissions_boundary": "",
            "tags": {},
            "tags_all": {},
            "unique_id": "AROASGXDBTNYCQLWI24MS"
          },
          "sensitive_attributes": [],
          "private": "bnVsbA=="
        }
      ]
    },
    {
      "mode": "managed",
      "type": "null_resource",
      "name": "pip_install",
      "provider": "provider[\"registry.terraform.io/hashicorp/null\"]",
      "instances": [
        {
          "schema_version": 0,
          "attributes": {
            "id": "8166408343405652531",
            "triggers": {
              "shell_hash": "e3b0c44298fc1c149afbf4c8996fb92427ae41e4649b934ca495991b7852b855"
            }
          },
          "sensitive_attributes": []
        }
      ]
    }
  ],
  "check_results": null
}
